
Microsoft Visual Studio Solution File, Format Version 12.00
# Visual Studio Version 16
VisualStudioVersion = 16.0.30717.126
MinimumVisualStudioVersion = 10.0.40219.1
Project("{FAE04EC0-301F-11D3-BF4B-00C04F79EFBC}") = "HWP_Monitor.Android", "HWP_Monitor.Android\HWP_Monitor.Android.csproj", "{2272E02C-FDC4-4B72-B279-0CE537FC102F}"
EndProject
Project("{FAE04EC0-301F-11D3-BF4B-00C04F79EFBC}") = "HWP_Monitor.iOS", "HWP_Monitor.iOS\HWP_Monitor.iOS.csproj", "{E27F9F27-7695-43F4-B978-50F2113F78BC}"
EndProject
Project("{FAE04EC0-301F-11D3-BF4B-00C04F79EFBC}") = "HWP_Monitor", "HWP_Monitor\HWP_Monitor.csproj", "{06ADB83B-AF6E-4200-9960-E003D3244B1A}"
EndProject
Global
	GlobalSection(SolutionConfigurationPlatforms) = preSolution
		Debug|Any CPU = Debug|Any CPU
		Debug|iPhone = Debug|iPhone
		Debug|iPhoneSimulator = Debug|iPhoneSimulator
		Release|Any CPU = Release|Any CPU
		Release|iPhone = Release|iPhone
		Release|iPhoneSimulator = Release|iPhoneSimulator
	EndGlobalSection
	GlobalSection(ProjectConfigurationPlatforms) = postSolution
		{2272E02C-FDC4-4B72-B279-0CE537FC102F}.Debug|Any CPU.ActiveCfg = Debug|Any CPU
		{2272E02C-FDC4-4B72-B279-0CE537FC102F}.Debug|Any CPU.Build.0 = Debug|Any CPU
		{2272E02C-FDC4-4B72-B279-0CE537FC102F}.Debug|Any CPU.Deploy.0 = Debug|Any CPU
		{2272E02C-FDC4-4B72-B279-0CE537FC102F}.Debug|iPhone.ActiveCfg = Debug|Any CPU
		{2272E02C-FDC4-4B72-B279-0CE537FC102F}.Debug|iPhone.Build.0 = Debug|Any CPU
		{2272E02C-FDC4-4B72-B279-0CE537FC102F}.Debug|iPhone.Deploy.0 = Debug|Any CPU
		{2272E02C-FDC4-4B72-B279-0CE537FC102F}.Debug|iPhoneSimulator.ActiveCfg = Debug|Any CPU
		{2272E02C-FDC4-4B72-B279-0CE537FC102F}.Debug|iPhoneSimulator.Build.0 = Debug|Any CPU
		{2272E02C-FDC4-4B72-B279-0CE537FC102F}.Debug|iPhoneSimulator.Deploy.0 = Debug|Any CPU
		{2272E02C-FDC4-4B72-B279-0CE537FC102F}.Release|Any CPU.ActiveCfg = Release|Any CPU
		{2272E02C-FDC4-4B72-B279-0CE537FC102F}.Release|Any CPU.Build.0 = Release|Any CPU
		{2272E02C-FDC4-4B72-B279-0CE537FC102F}.Release|Any CPU.Deploy.0 = Release|Any CPU
		{2272E02C-FDC4-4B72-B279-0CE537FC102F}.Release|iPhone.ActiveCfg = Release|Any CPU
		{2272E02C-FDC4-4B72-B279-0CE537FC102F}.Release|iPhone.Build.0 = Release|Any CPU
		{2272E02C-FDC4-4B72-B279-0CE537FC102F}.Release|iPhone.Deploy.0 = Release|Any CPU
		{2272E02C-FDC4-4B72-B279-0CE537FC102F}.Release|iPhoneSimulator.ActiveCfg = Release|Any CPU
		{2272E02C-FDC4-4B72-B279-0CE537FC102F}.Release|iPhoneSimulator.Build.0 = Release|Any CPU
		{2272E02C-FDC4-4B72-B279-0CE537FC102F}.Release|iPhoneSimulator.Deploy.0 = Release|Any CPU
		{E27F9F27-7695-43F4-B978-50F2113F78BC}.Debug|Any CPU.ActiveCfg = Debug|iPhone
		{E27F9F27-7695-43F4-B978-50F2113F78BC}.Debug|Any CPU.Build.0 = Debug|iPhone
		{E27F9F27-7695-43F4-B978-50F2113F78BC}.Debug|Any CPU.Deploy.0 = Debug|iPhone
		{E27F9F27-7695-43F4-B978-50F2113F78BC}.Debug|iPhone.ActiveCfg = Debug|iPhone
		{E27F9F27-7695-43F4-B978-50F2113F78BC}.Debug|iPhone.Build.0 = Debug|iPhone
		{E27F9F27-7695-43F4-B978-50F2113F78BC}.Debug|iPhone.Deploy.0 = Debug|iPhone
		{E27F9F27-7695-43F4-B978-50F2113F78BC}.Debug|iPhoneSimulator.ActiveCfg = Debug|iPhoneSimulator
		{E27F9F27-7695-43F4-B978-50F2113F78BC}.Debug|iPhoneSimulator.Build.0 = Debug|iPhoneSimulator
		{E27F9F27-7695-43F4-B978-50F2113F78BC}.Debug|iPhoneSimulator.Deploy.0 = Debug|iPhoneSimulator
		{E27F9F27-7695-43F4-B978-50F2113F78BC}.Release|Any CPU.ActiveCfg = Release|iPhoneSimulator
		{E27F9F27-7695-43F4-B978-50F2113F78BC}.Release|Any CPU.Build.0 = Release|iPhoneSimulator
		{E27F9F27-7695-43F4-B978-50F2113F78BC}.Release|Any CPU.Deploy.0 = Release|iPhoneSimulator
		{E27F9F27-7695-43F4-B978-50F2113F78BC}.Release|iPhone.ActiveCfg = Release|iPhone
		{E27F9F27-7695-43F4-B978-50F2113F78BC}.Release|iPhone.Build.0 = Release|iPhone
		{E27F9F27-7695-43F4-B978-50F2113F78BC}.Release|iPhone.Deploy.0 = Release|iPhone
		{E27F9F27-7695-43F4-B978-50F2113F78BC}.Release|iPhoneSimulator.ActiveCfg = Release|iPhoneSimulator
		{E27F9F27-7695-43F4-B978-50F2113F78BC}.Release|iPhoneSimulator.Build.0 = Release|iPhoneSimulator
		{E27F9F27-7695-43F4-B978-50F2113F78BC}.Release|iPhoneSimulator.Deploy.0 = Release|iPhoneSimulator
		{06ADB83B-AF6E-4200-9960-E003D3244B1A}.Debug|Any CPU.ActiveCfg = Debug|Any CPU
		{06ADB83B-AF6E-4200-9960-E003D3244B1A}.Debug|Any CPU.Build.0 = Debug|Any CPU
		{06ADB83B-AF6E-4200-9960-E003D3244B1A}.Debug|Any CPU.Deploy.0 = Debug|Any CPU
		{06ADB83B-AF6E-4200-9960-E003D3244B1A}.Debug|iPhone.ActiveCfg = Debug|Any CPU
		{06ADB83B-AF6E-4200-9960-E003D3244B1A}.Debug|iPhone.Build.0 = Debug|Any CPU
		{06ADB83B-AF6E-4200-9960-E003D3244B1A}.Debug|iPhone.Deploy.0 = Debug|Any CPU
		{06ADB83B-AF6E-4200-9960-E003D3244B1A}.Debug|iPhoneSimulator.ActiveCfg = Debug|Any CPU
		{06ADB83B-AF6E-4200-9960-E003D3244B1A}.Debug|iPhoneSimulator.Build.0 = Debug|Any CPU
		{06ADB83B-AF6E-4200-9960-E003D3244B1A}.Debug|iPhoneSimulator.Deploy.0 = Debug|Any CPU
		{06ADB83B-AF6E-4200-9960-E003D3244B1A}.Release|Any CPU.ActiveCfg = Release|Any CPU
		{06ADB83B-AF6E-4200-9960-E003D3244B1A}.Release|Any CPU.Build.0 = Release|Any CPU
		{06ADB83B-AF6E-4200-9960-E003D3244B1A}.Release|Any CPU.Deploy.0 = Release|Any CPU
		{06ADB83B-AF6E-4200-9960-E003D3244B1A}.Release|iPhone.ActiveCfg = Release|Any CPU
		{06ADB83B-AF6E-4200-9960-E003D3244B1A}.Release|iPhone.Build.0 = Release|Any CPU
		{06ADB83B-AF6E-4200-9960-E003D3244B1A}.Release|iPhone.Deploy.0 = Release|Any CPU
		{06ADB83B-AF6E-4200-9960-E003D3244B1A}.Release|iPhoneSimulator.ActiveCfg = Release|Any CPU
		{06ADB83B-AF6E-4200-9960-E003D3244B1A}.Release|iPhoneSimulator.Build.0 = Release|Any CPU
		{06ADB83B-AF6E-4200-9960-E003D3244B1A}.Release|iPhoneSimulator.Deploy.0 = Release|Any CPU
	EndGlobalSection
	GlobalSection(SolutionProperties) = preSolution
		HideSolutionNode = FALSE
	EndGlobalSection
	GlobalSection(ExtensibilityGlobals) = postSolution
		SolutionGuid = {0DC03887-52BC-4785-94BA-918A8506DD35}
	EndGlobalSection
EndGlobal
